
Microsoft Visual Studio Solution File, Format Version 12.00
# Visual Studio Version 17
VisualStudioVersion = 17.1.32210.238
MinimumVisualStudioVersion = 10.0.40219.1
Project("{FAE04EC0-301F-11D3-BF4B-00C04F79EFBC}") = "DataAccess", "DataAccess\DataAccess.csproj", "{67404716-6D52-474F-9434-4676BA9DE63F}"
EndProject
Project("{FAE04EC0-301F-11D3-BF4B-00C04F79EFBC}") = "BussinessLogicLayer", "BussinessLogicLayer\BussinessLogicLayer.csproj", "{30477F29-9EA2-4DEF-8F2E-54C051977696}"
EndProject
Project("{FAE04EC0-301F-11D3-BF4B-00C04F79EFBC}") = "WinUI", "WinUI\WinUI.csproj", "{18B1A323-ED1D-4ED2-A375-7127B9FE3482}"
EndProject
Global
	GlobalSection(SolutionConfigurationPlatforms) = preSolution
		Debug|Any CPU = Debug|Any CPU
		Release|Any CPU = Release|Any CPU
	EndGlobalSection
	GlobalSection(ProjectConfigurationPlatforms) = postSolution
		{67404716-6D52-474F-9434-4676BA9DE63F}.Debug|Any CPU.ActiveCfg = Debug|Any CPU
		{67404716-6D52-474F-9434-4676BA9DE63F}.Debug|Any CPU.Build.0 = Debug|Any CPU
		{67404716-6D52-474F-9434-4676BA9DE63F}.Release|Any CPU.ActiveCfg = Release|Any CPU
		{67404716-6D52-474F-9434-4676BA9DE63F}.Release|Any CPU.Build.0 = Release|Any CPU
		{30477F29-9EA2-4DEF-8F2E-54C051977696}.Debug|Any CPU.ActiveCfg = Debug|Any CPU
		{30477F29-9EA2-4DEF-8F2E-54C051977696}.Debug|Any CPU.Build.0 = Debug|Any CPU
		{30477F29-9EA2-4DEF-8F2E-54C051977696}.Release|Any CPU.ActiveCfg = Release|Any CPU
		{30477F29-9EA2-4DEF-8F2E-54C051977696}.Release|Any CPU.Build.0 = Release|Any CPU
		{18B1A323-ED1D-4ED2-A375-7127B9FE3482}.Debug|Any CPU.ActiveCfg = Debug|Any CPU
		{18B1A323-ED1D-4ED2-A375-7127B9FE3482}.Debug|Any CPU.Build.0 = Debug|Any CPU
		{18B1A323-ED1D-4ED2-A375-7127B9FE3482}.Release|Any CPU.ActiveCfg = Release|Any CPU
		{18B1A323-ED1D-4ED2-A375-7127B9FE3482}.Release|Any CPU.Build.0 = Release|Any CPU
	EndGlobalSection
	GlobalSection(SolutionProperties) = preSolution
		HideSolutionNode = FALSE
	EndGlobalSection
	GlobalSection(ExtensibilityGlobals) = postSolution
		SolutionGuid = {089D5FB3-DF46-47A0-B119-E685472D794A}
	EndGlobalSection
EndGlobal
