
Microsoft Visual Studio Solution File, Format Version 12.00
# Visual Studio Version 17
VisualStudioVersion = 17.1.32210.238
MinimumVisualStudioVersion = 10.0.40219.1
Project("{FAE04EC0-301F-11D3-BF4B-00C04F79EFBC}") = "WFA_AracKayitwithOOP", "WFA_AracKayitwithOOP\WFA_AracKayitwithOOP.csproj", "{5F433BB6-2E2F-43F3-8777-B0179BE83CE7}"
EndProject
Global
	GlobalSection(SolutionConfigurationPlatforms) = preSolution
		Debug|Any CPU = Debug|Any CPU
		Release|Any CPU = Release|Any CPU
	EndGlobalSection
	GlobalSection(ProjectConfigurationPlatforms) = postSolution
		{5F433BB6-2E2F-43F3-8777-B0179BE83CE7}.Debug|Any CPU.ActiveCfg = Debug|Any CPU
		{5F433BB6-2E2F-43F3-8777-B0179BE83CE7}.Debug|Any CPU.Build.0 = Debug|Any CPU
		{5F433BB6-2E2F-43F3-8777-B0179BE83CE7}.Release|Any CPU.ActiveCfg = Release|Any CPU
		{5F433BB6-2E2F-43F3-8777-B0179BE83CE7}.Release|Any CPU.Build.0 = Release|Any CPU
	EndGlobalSection
	GlobalSection(SolutionProperties) = preSolution
		HideSolutionNode = FALSE
	EndGlobalSection
	GlobalSection(ExtensibilityGlobals) = postSolution
		SolutionGuid = {210B4B7A-C9CE-4724-9FB5-F48DB9F719C2}
	EndGlobalSection
EndGlobal
