
Microsoft Visual Studio Solution File, Format Version 12.00
# Visual Studio Version 17
VisualStudioVersion = 17.1.32210.238
MinimumVisualStudioVersion = 10.0.40219.1
Project("{FAE04EC0-301F-11D3-BF4B-00C04F79EFBC}") = "WFA_McAdamOOP2", "WFA_McAdamOOP2\WFA_McAdamOOP2.csproj", "{5986BC0B-C96B-4E2A-9907-D0F8F9009189}"
EndProject
Global
	GlobalSection(SolutionConfigurationPlatforms) = preSolution
		Debug|Any CPU = Debug|Any CPU
		Release|Any CPU = Release|Any CPU
	EndGlobalSection
	GlobalSection(ProjectConfigurationPlatforms) = postSolution
		{5986BC0B-C96B-4E2A-9907-D0F8F9009189}.Debug|Any CPU.ActiveCfg = Debug|Any CPU
		{5986BC0B-C96B-4E2A-9907-D0F8F9009189}.Debug|Any CPU.Build.0 = Debug|Any CPU
		{5986BC0B-C96B-4E2A-9907-D0F8F9009189}.Release|Any CPU.ActiveCfg = Release|Any CPU
		{5986BC0B-C96B-4E2A-9907-D0F8F9009189}.Release|Any CPU.Build.0 = Release|Any CPU
	EndGlobalSection
	GlobalSection(SolutionProperties) = preSolution
		HideSolutionNode = FALSE
	EndGlobalSection
	GlobalSection(ExtensibilityGlobals) = postSolution
		SolutionGuid = {DBD2843D-6F6F-437E-B7C9-DF35C2444286}
	EndGlobalSection
EndGlobal
