
Microsoft Visual Studio Solution File, Format Version 12.00
# Visual Studio Version 17
VisualStudioVersion = 17.1.32210.238
MinimumVisualStudioVersion = 10.0.40219.1
Project("{FAE04EC0-301F-11D3-BF4B-00C04F79EFBC}") = "WFA_Odev", "WFA_Odev\WFA_Odev.csproj", "{731CA36E-0BBA-4F1B-BD68-1DFCF9C38DD4}"
EndProject
Global
	GlobalSection(SolutionConfigurationPlatforms) = preSolution
		Debug|Any CPU = Debug|Any CPU
		Release|Any CPU = Release|Any CPU
	EndGlobalSection
	GlobalSection(ProjectConfigurationPlatforms) = postSolution
		{731CA36E-0BBA-4F1B-BD68-1DFCF9C38DD4}.Debug|Any CPU.ActiveCfg = Debug|Any CPU
		{731CA36E-0BBA-4F1B-BD68-1DFCF9C38DD4}.Debug|Any CPU.Build.0 = Debug|Any CPU
		{731CA36E-0BBA-4F1B-BD68-1DFCF9C38DD4}.Release|Any CPU.ActiveCfg = Release|Any CPU
		{731CA36E-0BBA-4F1B-BD68-1DFCF9C38DD4}.Release|Any CPU.Build.0 = Release|Any CPU
	EndGlobalSection
	GlobalSection(SolutionProperties) = preSolution
		HideSolutionNode = FALSE
	EndGlobalSection
	GlobalSection(ExtensibilityGlobals) = postSolution
		SolutionGuid = {C1CF8FC1-FA09-4E80-BC17-5714D8783E96}
	EndGlobalSection
EndGlobal
