
Microsoft Visual Studio Solution File, Format Version 12.00
# Visual Studio Version 17
VisualStudioVersion = 17.1.32210.238
MinimumVisualStudioVersion = 10.0.40219.1
Project("{FAE04EC0-301F-11D3-BF4B-00C04F79EFBC}") = "MVC_Dashboard_Login", "MVC_Dashboard_Login\MVC_Dashboard_Login.csproj", "{358D928F-FFA1-4DB1-AB14-F9EE76FDFDB6}"
EndProject
Global
	GlobalSection(SolutionConfigurationPlatforms) = preSolution
		Debug|Any CPU = Debug|Any CPU
		Release|Any CPU = Release|Any CPU
	EndGlobalSection
	GlobalSection(ProjectConfigurationPlatforms) = postSolution
		{358D928F-FFA1-4DB1-AB14-F9EE76FDFDB6}.Debug|Any CPU.ActiveCfg = Debug|Any CPU
		{358D928F-FFA1-4DB1-AB14-F9EE76FDFDB6}.Debug|Any CPU.Build.0 = Debug|Any CPU
		{358D928F-FFA1-4DB1-AB14-F9EE76FDFDB6}.Release|Any CPU.ActiveCfg = Release|Any CPU
		{358D928F-FFA1-4DB1-AB14-F9EE76FDFDB6}.Release|Any CPU.Build.0 = Release|Any CPU
	EndGlobalSection
	GlobalSection(SolutionProperties) = preSolution
		HideSolutionNode = FALSE
	EndGlobalSection
	GlobalSection(ExtensibilityGlobals) = postSolution
		SolutionGuid = {1D26CE3E-6BDF-4BAB-8E64-B0C59A34AA7F}
	EndGlobalSection
EndGlobal
